{
  "name": "@thatblog/repo",
  "version": "0.0.0",
  "lockfileVersion": 3,
  "requires": true,
  "packages": {
    "": {
      "name": "@thatblog/repo",
      "version": "0.0.0",
      "license": "MIT",
      "workspaces": [
        "backend/",
        "frontend-admin/",
        "frontend-blog/",
        "infrastructure/"
      ]
    }
  }
}
